
Microsoft Visual Studio Solution File, Format Version 12.00
# Visual Studio 15
VisualStudioVersion = 15.0.28010.2046
MinimumVisualStudioVersion = 10.0.40219.1
Project("{8BC9CEB8-8B4A-11D0-8D11-00A0C91BC942}") = "CF03", "CF03\CF03.vcxproj", "{05792F83-9588-4851-AEBE-C6F084A7F00A}"
EndProject
Global
	GlobalSection(SolutionConfigurationPlatforms) = preSolution
		Debug|x64 = Debug|x64
		Debug|x86 = Debug|x86
		Release|x64 = Release|x64
		Release|x86 = Release|x86
	EndGlobalSection
	GlobalSection(ProjectConfigurationPlatforms) = postSolution
		{05792F83-9588-4851-AEBE-C6F084A7F00A}.Debug|x64.ActiveCfg = Debug|x64
		{05792F83-9588-4851-AEBE-C6F084A7F00A}.Debug|x64.Build.0 = Debug|x64
		{05792F83-9588-4851-AEBE-C6F084A7F00A}.Debug|x86.ActiveCfg = Debug|Win32
		{05792F83-9588-4851-AEBE-C6F084A7F00A}.Debug|x86.Build.0 = Debug|Win32
		{05792F83-9588-4851-AEBE-C6F084A7F00A}.Release|x64.ActiveCfg = Release|x64
		{05792F83-9588-4851-AEBE-C6F084A7F00A}.Release|x64.Build.0 = Release|x64
		{05792F83-9588-4851-AEBE-C6F084A7F00A}.Release|x86.ActiveCfg = Release|Win32
		{05792F83-9588-4851-AEBE-C6F084A7F00A}.Release|x86.Build.0 = Release|Win32
	EndGlobalSection
	GlobalSection(SolutionProperties) = preSolution
		HideSolutionNode = FALSE
	EndGlobalSection
	GlobalSection(ExtensibilityGlobals) = postSolution
		SolutionGuid = {E4B4A5E5-B230-4B73-8939-CE5E2511DB22}
	EndGlobalSection
EndGlobal
