
Microsoft Visual Studio Solution File, Format Version 12.00
# Visual Studio Version 16
VisualStudioVersion = 16.0.28729.10
MinimumVisualStudioVersion = 10.0.40219.1
Project("{8BC9CEB8-8B4A-11D0-8D11-00A0C91BC942}") = "CF28", "CF28\CF28.vcxproj", "{218C9886-7CA1-4513-B0B1-40749DEFBAC6}"
EndProject
Global
	GlobalSection(SolutionConfigurationPlatforms) = preSolution
		Debug|x64 = Debug|x64
		Debug|x86 = Debug|x86
		Release|x64 = Release|x64
		Release|x86 = Release|x86
	EndGlobalSection
	GlobalSection(ProjectConfigurationPlatforms) = postSolution
		{218C9886-7CA1-4513-B0B1-40749DEFBAC6}.Debug|x64.ActiveCfg = Debug|x64
		{218C9886-7CA1-4513-B0B1-40749DEFBAC6}.Debug|x64.Build.0 = Debug|x64
		{218C9886-7CA1-4513-B0B1-40749DEFBAC6}.Debug|x86.ActiveCfg = Debug|Win32
		{218C9886-7CA1-4513-B0B1-40749DEFBAC6}.Debug|x86.Build.0 = Debug|Win32
		{218C9886-7CA1-4513-B0B1-40749DEFBAC6}.Release|x64.ActiveCfg = Release|x64
		{218C9886-7CA1-4513-B0B1-40749DEFBAC6}.Release|x64.Build.0 = Release|x64
		{218C9886-7CA1-4513-B0B1-40749DEFBAC6}.Release|x86.ActiveCfg = Release|Win32
		{218C9886-7CA1-4513-B0B1-40749DEFBAC6}.Release|x86.Build.0 = Release|Win32
	EndGlobalSection
	GlobalSection(SolutionProperties) = preSolution
		HideSolutionNode = FALSE
	EndGlobalSection
	GlobalSection(ExtensibilityGlobals) = postSolution
		SolutionGuid = {B63167CB-465F-4755-BCC1-C88E99C02691}
	EndGlobalSection
EndGlobal
