
Microsoft Visual Studio Solution File, Format Version 12.00
# Visual Studio Version 16
VisualStudioVersion = 16.0.28803.352
MinimumVisualStudioVersion = 10.0.40219.1
Project("{8BC9CEB8-8B4A-11D0-8D11-00A0C91BC942}") = "CF35", "CF35\CF35.vcxproj", "{27352C71-890D-404D-A56C-CDF9EF6194CD}"
EndProject
Global
	GlobalSection(SolutionConfigurationPlatforms) = preSolution
		Debug|x64 = Debug|x64
		Debug|x86 = Debug|x86
		Release|x64 = Release|x64
		Release|x86 = Release|x86
	EndGlobalSection
	GlobalSection(ProjectConfigurationPlatforms) = postSolution
		{27352C71-890D-404D-A56C-CDF9EF6194CD}.Debug|x64.ActiveCfg = Debug|x64
		{27352C71-890D-404D-A56C-CDF9EF6194CD}.Debug|x64.Build.0 = Debug|x64
		{27352C71-890D-404D-A56C-CDF9EF6194CD}.Debug|x86.ActiveCfg = Debug|Win32
		{27352C71-890D-404D-A56C-CDF9EF6194CD}.Debug|x86.Build.0 = Debug|Win32
		{27352C71-890D-404D-A56C-CDF9EF6194CD}.Release|x64.ActiveCfg = Release|x64
		{27352C71-890D-404D-A56C-CDF9EF6194CD}.Release|x64.Build.0 = Release|x64
		{27352C71-890D-404D-A56C-CDF9EF6194CD}.Release|x86.ActiveCfg = Release|Win32
		{27352C71-890D-404D-A56C-CDF9EF6194CD}.Release|x86.Build.0 = Release|Win32
	EndGlobalSection
	GlobalSection(SolutionProperties) = preSolution
		HideSolutionNode = FALSE
	EndGlobalSection
	GlobalSection(ExtensibilityGlobals) = postSolution
		SolutionGuid = {B78ADE0C-EF27-42DA-AAE7-FD5607169FE3}
	EndGlobalSection
EndGlobal
