
Microsoft Visual Studio Solution File, Format Version 12.00
# Visual Studio 15
VisualStudioVersion = 15.0.28010.2046
MinimumVisualStudioVersion = 10.0.40219.1
Project("{8BC9CEB8-8B4A-11D0-8D11-00A0C91BC942}") = "EjercicioEDA245", "EjercicioEDA245\EjercicioEDA245.vcxproj", "{BE19B210-7592-4CF3-8DAE-35AB6068E187}"
EndProject
Global
	GlobalSection(SolutionConfigurationPlatforms) = preSolution
		Debug|x64 = Debug|x64
		Debug|x86 = Debug|x86
		Release|x64 = Release|x64
		Release|x86 = Release|x86
	EndGlobalSection
	GlobalSection(ProjectConfigurationPlatforms) = postSolution
		{BE19B210-7592-4CF3-8DAE-35AB6068E187}.Debug|x64.ActiveCfg = Debug|x64
		{BE19B210-7592-4CF3-8DAE-35AB6068E187}.Debug|x64.Build.0 = Debug|x64
		{BE19B210-7592-4CF3-8DAE-35AB6068E187}.Debug|x86.ActiveCfg = Debug|Win32
		{BE19B210-7592-4CF3-8DAE-35AB6068E187}.Debug|x86.Build.0 = Debug|Win32
		{BE19B210-7592-4CF3-8DAE-35AB6068E187}.Release|x64.ActiveCfg = Release|x64
		{BE19B210-7592-4CF3-8DAE-35AB6068E187}.Release|x64.Build.0 = Release|x64
		{BE19B210-7592-4CF3-8DAE-35AB6068E187}.Release|x86.ActiveCfg = Release|Win32
		{BE19B210-7592-4CF3-8DAE-35AB6068E187}.Release|x86.Build.0 = Release|Win32
	EndGlobalSection
	GlobalSection(SolutionProperties) = preSolution
		HideSolutionNode = FALSE
	EndGlobalSection
	GlobalSection(ExtensibilityGlobals) = postSolution
		SolutionGuid = {83E20577-6C2E-4756-A47E-8178D1D36FAE}
	EndGlobalSection
EndGlobal
