
Microsoft Visual Studio Solution File, Format Version 12.00
# Visual Studio 15
VisualStudioVersion = 15.0.28010.2046
MinimumVisualStudioVersion = 10.0.40219.1
Project("{8BC9CEB8-8B4A-11D0-8D11-00A0C91BC942}") = "InvertirLosDigitosDeUnNumero", "InvertirLosDigitosDeUnNumero\InvertirLosDigitosDeUnNumero.vcxproj", "{F3ABEE39-9FE3-4362-B743-0F0953E389ED}"
EndProject
Global
	GlobalSection(SolutionConfigurationPlatforms) = preSolution
		Debug|x64 = Debug|x64
		Debug|x86 = Debug|x86
		Release|x64 = Release|x64
		Release|x86 = Release|x86
	EndGlobalSection
	GlobalSection(ProjectConfigurationPlatforms) = postSolution
		{F3ABEE39-9FE3-4362-B743-0F0953E389ED}.Debug|x64.ActiveCfg = Debug|x64
		{F3ABEE39-9FE3-4362-B743-0F0953E389ED}.Debug|x64.Build.0 = Debug|x64
		{F3ABEE39-9FE3-4362-B743-0F0953E389ED}.Debug|x86.ActiveCfg = Debug|Win32
		{F3ABEE39-9FE3-4362-B743-0F0953E389ED}.Debug|x86.Build.0 = Debug|Win32
		{F3ABEE39-9FE3-4362-B743-0F0953E389ED}.Release|x64.ActiveCfg = Release|x64
		{F3ABEE39-9FE3-4362-B743-0F0953E389ED}.Release|x64.Build.0 = Release|x64
		{F3ABEE39-9FE3-4362-B743-0F0953E389ED}.Release|x86.ActiveCfg = Release|Win32
		{F3ABEE39-9FE3-4362-B743-0F0953E389ED}.Release|x86.Build.0 = Release|Win32
	EndGlobalSection
	GlobalSection(SolutionProperties) = preSolution
		HideSolutionNode = FALSE
	EndGlobalSection
	GlobalSection(ExtensibilityGlobals) = postSolution
		SolutionGuid = {87182B26-3B5A-4ACF-B385-92BD73DD0CF1}
	EndGlobalSection
EndGlobal
