
Microsoft Visual Studio Solution File, Format Version 12.00
# Visual Studio Version 16
VisualStudioVersion = 16.0.28803.352
MinimumVisualStudioVersion = 10.0.40219.1
Project("{8BC9CEB8-8B4A-11D0-8D11-00A0C91BC942}") = "CF34", "CF34\CF34.vcxproj", "{327EC51D-C287-47B0-A527-6F7BB5C59881}"
EndProject
Global
	GlobalSection(SolutionConfigurationPlatforms) = preSolution
		Debug|x64 = Debug|x64
		Debug|x86 = Debug|x86
		Release|x64 = Release|x64
		Release|x86 = Release|x86
	EndGlobalSection
	GlobalSection(ProjectConfigurationPlatforms) = postSolution
		{327EC51D-C287-47B0-A527-6F7BB5C59881}.Debug|x64.ActiveCfg = Debug|x64
		{327EC51D-C287-47B0-A527-6F7BB5C59881}.Debug|x64.Build.0 = Debug|x64
		{327EC51D-C287-47B0-A527-6F7BB5C59881}.Debug|x86.ActiveCfg = Debug|Win32
		{327EC51D-C287-47B0-A527-6F7BB5C59881}.Debug|x86.Build.0 = Debug|Win32
		{327EC51D-C287-47B0-A527-6F7BB5C59881}.Release|x64.ActiveCfg = Release|x64
		{327EC51D-C287-47B0-A527-6F7BB5C59881}.Release|x64.Build.0 = Release|x64
		{327EC51D-C287-47B0-A527-6F7BB5C59881}.Release|x86.ActiveCfg = Release|Win32
		{327EC51D-C287-47B0-A527-6F7BB5C59881}.Release|x86.Build.0 = Release|Win32
	EndGlobalSection
	GlobalSection(SolutionProperties) = preSolution
		HideSolutionNode = FALSE
	EndGlobalSection
	GlobalSection(ExtensibilityGlobals) = postSolution
		SolutionGuid = {61495CBB-F9B7-4383-9FF8-F11EE5000FA7}
	EndGlobalSection
EndGlobal
